
Microsoft Visual Studio Solution File, Format Version 12.00
# Visual Studio Version 17
VisualStudioVersion = 17.12.35309.182
MinimumVisualStudioVersion = 10.0.40219.1
Project("{FAE04EC0-301F-11D3-BF4B-00C04F79EFBC}") = "ConsoleApp5", "ConsoleApp5.csproj", "{B4571BD2-CEDE-4DBB-AF10-53E8A4A4CB6F}"
EndProject
Project("{FAE04EC0-301F-11D3-BF4B-00C04F79EFBC}") = "DAL", "DAL\DAL.csproj", "{F5A04EBF-34D7-4DBE-A7C3-89085F6B75B4}"
EndProject
Project("{FAE04EC0-301F-11D3-BF4B-00C04F79EFBC}") = "BLL", "BLL\BLL.csproj", "{558796D0-D8B7-4364-A185-AF988F8A06EF}"
EndProject
Global
	GlobalSection(SolutionConfigurationPlatforms) = preSolution
		Debug|Any CPU = Debug|Any CPU
		Release|Any CPU = Release|Any CPU
	EndGlobalSection
	GlobalSection(ProjectConfigurationPlatforms) = postSolution
		{B4571BD2-CEDE-4DBB-AF10-53E8A4A4CB6F}.Debug|Any CPU.ActiveCfg = Debug|Any CPU
		{B4571BD2-CEDE-4DBB-AF10-53E8A4A4CB6F}.Debug|Any CPU.Build.0 = Debug|Any CPU
		{B4571BD2-CEDE-4DBB-AF10-53E8A4A4CB6F}.Release|Any CPU.ActiveCfg = Release|Any CPU
		{B4571BD2-CEDE-4DBB-AF10-53E8A4A4CB6F}.Release|Any CPU.Build.0 = Release|Any CPU
		{F5A04EBF-34D7-4DBE-A7C3-89085F6B75B4}.Debug|Any CPU.ActiveCfg = Debug|Any CPU
		{F5A04EBF-34D7-4DBE-A7C3-89085F6B75B4}.Debug|Any CPU.Build.0 = Debug|Any CPU
		{F5A04EBF-34D7-4DBE-A7C3-89085F6B75B4}.Release|Any CPU.ActiveCfg = Release|Any CPU
		{F5A04EBF-34D7-4DBE-A7C3-89085F6B75B4}.Release|Any CPU.Build.0 = Release|Any CPU
		{558796D0-D8B7-4364-A185-AF988F8A06EF}.Debug|Any CPU.ActiveCfg = Debug|Any CPU
		{558796D0-D8B7-4364-A185-AF988F8A06EF}.Debug|Any CPU.Build.0 = Debug|Any CPU
		{558796D0-D8B7-4364-A185-AF988F8A06EF}.Release|Any CPU.ActiveCfg = Release|Any CPU
		{558796D0-D8B7-4364-A185-AF988F8A06EF}.Release|Any CPU.Build.0 = Release|Any CPU
	EndGlobalSection
	GlobalSection(SolutionProperties) = preSolution
		HideSolutionNode = FALSE
	EndGlobalSection
	GlobalSection(ExtensibilityGlobals) = postSolution
		SolutionGuid = {D1595E4A-66AD-4A4F-AB80-D28329F017E5}
	EndGlobalSection
EndGlobal
